
Microsoft Visual Studio Solution File, Format Version 12.00
# Visual Studio Version 16
VisualStudioVersion = 16.0.31515.178
MinimumVisualStudioVersion = 10.0.40219.1
Project("{FAE04EC0-301F-11D3-BF4B-00C04F79EFBC}") = "Ornek1", "Ornek1\Ornek1.csproj", "{286D7538-15DB-4827-9776-878045BB4501}"
EndProject
Project("{FAE04EC0-301F-11D3-BF4B-00C04F79EFBC}") = "Ornek2", "Ornek2\Ornek2.csproj", "{496837A6-E3F0-4D11-A559-9322EA921B50}"
EndProject
Project("{FAE04EC0-301F-11D3-BF4B-00C04F79EFBC}") = "Ornek3", "Ornek3\Ornek3.csproj", "{113EFA26-16FA-4AC7-9C56-00736F7AFD7F}"
EndProject
Project("{FAE04EC0-301F-11D3-BF4B-00C04F79EFBC}") = "Ornek4", "Ornek4\Ornek4.csproj", "{A2BCF22A-4AE4-46DA-8C4E-9706EA46C0EC}"
EndProject
Project("{FAE04EC0-301F-11D3-BF4B-00C04F79EFBC}") = "Odev", "Odev\Odev.csproj", "{7A909420-B39A-46A3-858A-81D11C0C76B3}"
EndProject
Global
	GlobalSection(SolutionConfigurationPlatforms) = preSolution
		Debug|Any CPU = Debug|Any CPU
		Release|Any CPU = Release|Any CPU
	EndGlobalSection
	GlobalSection(ProjectConfigurationPlatforms) = postSolution
		{286D7538-15DB-4827-9776-878045BB4501}.Debug|Any CPU.ActiveCfg = Debug|Any CPU
		{286D7538-15DB-4827-9776-878045BB4501}.Debug|Any CPU.Build.0 = Debug|Any CPU
		{286D7538-15DB-4827-9776-878045BB4501}.Release|Any CPU.ActiveCfg = Release|Any CPU
		{286D7538-15DB-4827-9776-878045BB4501}.Release|Any CPU.Build.0 = Release|Any CPU
		{496837A6-E3F0-4D11-A559-9322EA921B50}.Debug|Any CPU.ActiveCfg = Debug|Any CPU
		{496837A6-E3F0-4D11-A559-9322EA921B50}.Debug|Any CPU.Build.0 = Debug|Any CPU
		{496837A6-E3F0-4D11-A559-9322EA921B50}.Release|Any CPU.ActiveCfg = Release|Any CPU
		{496837A6-E3F0-4D11-A559-9322EA921B50}.Release|Any CPU.Build.0 = Release|Any CPU
		{113EFA26-16FA-4AC7-9C56-00736F7AFD7F}.Debug|Any CPU.ActiveCfg = Debug|Any CPU
		{113EFA26-16FA-4AC7-9C56-00736F7AFD7F}.Debug|Any CPU.Build.0 = Debug|Any CPU
		{113EFA26-16FA-4AC7-9C56-00736F7AFD7F}.Release|Any CPU.ActiveCfg = Release|Any CPU
		{113EFA26-16FA-4AC7-9C56-00736F7AFD7F}.Release|Any CPU.Build.0 = Release|Any CPU
		{A2BCF22A-4AE4-46DA-8C4E-9706EA46C0EC}.Debug|Any CPU.ActiveCfg = Debug|Any CPU
		{A2BCF22A-4AE4-46DA-8C4E-9706EA46C0EC}.Debug|Any CPU.Build.0 = Debug|Any CPU
		{A2BCF22A-4AE4-46DA-8C4E-9706EA46C0EC}.Release|Any CPU.ActiveCfg = Release|Any CPU
		{A2BCF22A-4AE4-46DA-8C4E-9706EA46C0EC}.Release|Any CPU.Build.0 = Release|Any CPU
		{7A909420-B39A-46A3-858A-81D11C0C76B3}.Debug|Any CPU.ActiveCfg = Debug|Any CPU
		{7A909420-B39A-46A3-858A-81D11C0C76B3}.Debug|Any CPU.Build.0 = Debug|Any CPU
		{7A909420-B39A-46A3-858A-81D11C0C76B3}.Release|Any CPU.ActiveCfg = Release|Any CPU
		{7A909420-B39A-46A3-858A-81D11C0C76B3}.Release|Any CPU.Build.0 = Release|Any CPU
	EndGlobalSection
	GlobalSection(SolutionProperties) = preSolution
		HideSolutionNode = FALSE
	EndGlobalSection
	GlobalSection(ExtensibilityGlobals) = postSolution
		SolutionGuid = {B5E3F705-456D-468C-AAAE-0F82F9CE624B}
	EndGlobalSection
EndGlobal
